
Microsoft Visual Studio Solution File, Format Version 12.00
# Visual Studio 2013
VisualStudioVersion = 12.0.30324.0
MinimumVisualStudioVersion = 10.0.40219.1
Project("{FAE04EC0-301F-11D3-BF4B-00C04F79EFBC}") = "WebApiDemo", "WebApiDemo\WebApiDemo.csproj", "{F52E1DCA-EE54-4FC4-B34C-D0A2263BCE14}"
EndProject
Project("{FAE04EC0-301F-11D3-BF4B-00C04F79EFBC}") = "MvcDemo", "MvcDemo\MvcDemo.csproj", "{190BB6AD-7C6F-49B2-9D8B-DA3A6803D502}"
EndProject
Project("{FAE04EC0-301F-11D3-BF4B-00C04F79EFBC}") = "DynatableParser", "DynatableParser\DynatableParser.csproj", "{A2CDD585-9F15-4348-920F-571DF1F0E18A}"
EndProject
Global
	GlobalSection(SolutionConfigurationPlatforms) = preSolution
		Debug|Any CPU = Debug|Any CPU
		Release|Any CPU = Release|Any CPU
	EndGlobalSection
	GlobalSection(ProjectConfigurationPlatforms) = postSolution
		{F52E1DCA-EE54-4FC4-B34C-D0A2263BCE14}.Debug|Any CPU.ActiveCfg = Debug|Any CPU
		{F52E1DCA-EE54-4FC4-B34C-D0A2263BCE14}.Debug|Any CPU.Build.0 = Debug|Any CPU
		{F52E1DCA-EE54-4FC4-B34C-D0A2263BCE14}.Release|Any CPU.ActiveCfg = Release|Any CPU
		{F52E1DCA-EE54-4FC4-B34C-D0A2263BCE14}.Release|Any CPU.Build.0 = Release|Any CPU
		{190BB6AD-7C6F-49B2-9D8B-DA3A6803D502}.Debug|Any CPU.ActiveCfg = Debug|Any CPU
		{190BB6AD-7C6F-49B2-9D8B-DA3A6803D502}.Debug|Any CPU.Build.0 = Debug|Any CPU
		{190BB6AD-7C6F-49B2-9D8B-DA3A6803D502}.Release|Any CPU.ActiveCfg = Release|Any CPU
		{190BB6AD-7C6F-49B2-9D8B-DA3A6803D502}.Release|Any CPU.Build.0 = Release|Any CPU
		{A2CDD585-9F15-4348-920F-571DF1F0E18A}.Debug|Any CPU.ActiveCfg = Debug|Any CPU
		{A2CDD585-9F15-4348-920F-571DF1F0E18A}.Debug|Any CPU.Build.0 = Debug|Any CPU
		{A2CDD585-9F15-4348-920F-571DF1F0E18A}.Release|Any CPU.ActiveCfg = Release|Any CPU
		{A2CDD585-9F15-4348-920F-571DF1F0E18A}.Release|Any CPU.Build.0 = Release|Any CPU
	EndGlobalSection
	GlobalSection(SolutionProperties) = preSolution
		HideSolutionNode = FALSE
	EndGlobalSection
EndGlobal
